{
  "name": "using-ts-combinator",
  "version": "1.0.0",
  "lockfileVersion": 3,
  "requires": true,
  "packages": {
    "": {
      "name": "using-ts-combinator",
      "version": "1.0.0",
      "license": "ISC",
      "dependencies": {
        "@jessejenks/ts-combinator": "^3.0.0",
        "typescript": "^5.4.5"
      }
    },
    "node_modules/@jessejenks/ts-combinator": {
      "version": "3.0.0",
      "resolved": "https://npm.pkg.github.com/download/@jessejenks/ts-combinator/3.0.0/d120741560880e273d644d9ee2fa1369fd1271cb",
      "integrity": "sha512-6YCupB45B+dByrFwTPbsF9YFJTbbg8gRXSTvrZ7d4FlqwmPxLwTtQ4fGn8y0u1Vbdd1YMh75PS5pikA9Y+2+YQ==",
      "license": "MIT"
    },
    "node_modules/typescript": {
      "version": "5.4.5",
      "resolved": "https://registry.npmjs.org/typescript/-/typescript-5.4.5.tgz",
      "integrity": "sha512-vcI4UpRgg81oIRUFwR0WSIHKt11nJ7SAVlYNIu+QpqeyXP+gpQJy/Z4+F0aGxSE4MqwjyXvW/TzgkLAx2AGHwQ==",
      "bin": {
        "tsc": "bin/tsc",
        "tsserver": "bin/tsserver"
      },
      "engines": {
        "node": ">=14.17"
      }
    }
  }
}
